
Microsoft Visual Studio Solution File, Format Version 12.00
# Visual Studio 15
VisualStudioVersion = 15.0.26730.12
MinimumVisualStudioVersion = 10.0.40219.1
Project("{FAE04EC0-301F-11D3-BF4B-00C04F79EFBC}") = "Form Design", "Form Design\Form Design.csproj", "{74DF5AC5-31BE-469C-9DDC-42F2258D06DD}"
EndProject
Global
	GlobalSection(SolutionConfigurationPlatforms) = preSolution
		Debug|Any CPU = Debug|Any CPU
		Release|Any CPU = Release|Any CPU
	EndGlobalSection
	GlobalSection(ProjectConfigurationPlatforms) = postSolution
		{74DF5AC5-31BE-469C-9DDC-42F2258D06DD}.Debug|Any CPU.ActiveCfg = Debug|Any CPU
		{74DF5AC5-31BE-469C-9DDC-42F2258D06DD}.Debug|Any CPU.Build.0 = Debug|Any CPU
		{74DF5AC5-31BE-469C-9DDC-42F2258D06DD}.Release|Any CPU.ActiveCfg = Release|Any CPU
		{74DF5AC5-31BE-469C-9DDC-42F2258D06DD}.Release|Any CPU.Build.0 = Release|Any CPU
	EndGlobalSection
	GlobalSection(SolutionProperties) = preSolution
		HideSolutionNode = FALSE
	EndGlobalSection
	GlobalSection(ExtensibilityGlobals) = postSolution
		SolutionGuid = {B20A6D85-46DB-4102-B232-D40375A415DB}
	EndGlobalSection
EndGlobal
